Microsoft Visual Studio Solution File, Format Version 12.00
# Visual Studio 2012
Project("{FAE04EC0-301F-11D3-BF4B-00C04F79EFBC}") = "LocalHealer", "LocalHealer.csproj", "{EC7FCCC2-8501-463B-A8A0-350BA18B9696}"
EndProject
Global
	GlobalSection(SolutionConfigurationPlatforms) = preSolution
	Debug|Any CPU = Debug|Any CPU
	ExportDebug|Any CPU = ExportDebug|Any CPU
	ExportRelease|Any CPU = ExportRelease|Any CPU
	EndGlobalSection
	GlobalSection(ProjectConfigurationPlatforms) = postSolution
		{EC7FCCC2-8501-463B-A8A0-350BA18B9696}.Debug|Any CPU.ActiveCfg = Debug|Any CPU
		{EC7FCCC2-8501-463B-A8A0-350BA18B9696}.Debug|Any CPU.Build.0 = Debug|Any CPU
		{EC7FCCC2-8501-463B-A8A0-350BA18B9696}.ExportDebug|Any CPU.ActiveCfg = ExportDebug|Any CPU
		{EC7FCCC2-8501-463B-A8A0-350BA18B9696}.ExportDebug|Any CPU.Build.0 = ExportDebug|Any CPU
		{EC7FCCC2-8501-463B-A8A0-350BA18B9696}.ExportRelease|Any CPU.ActiveCfg = ExportRelease|Any CPU
		{EC7FCCC2-8501-463B-A8A0-350BA18B9696}.ExportRelease|Any CPU.Build.0 = ExportRelease|Any CPU
	EndGlobalSection
EndGlobal
